fortio.org/assert v1.2.1 h1:48I39urpeDj65RP1KguF7akCjILNeu6vICiYMEysR7Q=
fortio.org/assert v1.2.1/go.mod h1:039mG+/iYDPO8Ibx8TrNuJCm2T2SuhwRI3uL9nHTTls=
fortio.org/cli v1.6.0 h1:EX9zf+BLzgE+yrq2a3XFZz2F8CK1g9ecJj9ZXVOfoww=
fortio.org/cli v1.6.0/go.mod h1:QSCd+8OD3MrFKo2XwAHVJJu5gz/U0Jg1Vhse/4nHn3I=
fortio.org/log v1.12.2 h1:JwLDFvEUKGfqA09fcf+mOn8kxsvwhjXV92xghxNnnwA=
fortio.org/log v1.12.2/go.mod h1:1tMBG/Elr6YqjmJCWiejJp2FPvXg7/9UAN0Rfpkyt1o=
fortio.org/sets v1.1.1 h1:Q7Z1Ft2lpUc1N7bfI8HofIK0QskrOflfYRyKT2LzBng=
fortio.org/sets v1.1.1/go.mod h1:J2BwIxNOLWsSU7IMZUg541kh3Au4JEKHrghVwXs68tE=
fortio.org/struct2env v0.4.0 h1:k5alSOTf3YHiB3MuacjDHQ3YhVWvNZ95ZP/a6MqvyLo=
fortio.org/struct2env v0.4.0/go.mod h1:lENUe70UwA1zDUCX+8AsO663QCFqYaprk5lnPhjD410=
fortio.org/version v1.0.4 h1:FWUMpJ+hVTNc4RhvvOJzb0xesrlRmG/a+D6bjbQ4+5U=
fortio.org/version v1.0.4/go.mod h1:2JQp9Ax+tm6QKiGuzR5nJY63kFeANcgrZ0osoQFDVm0=
golang.org/x/crypto/x509roots/fallback v0.0.0-20240604170348-d4e7c9cb6cb8 h1:+kWDWI3Eb5cPIOr4cP+R2RLDwK3/dXppL+7XmSOh2LA=
golang.org/x/crypto/x509roots/fallback v0.0.0-20240604170348-d4e7c9cb6cb8/go.mod h1:kNa9WdvYnzFwC79zRpLRMJbdEFlhyM5RPFBBZp/wWH8=
golang.org/x/exp v0.0.0-20240604190554-fc45aab8b7f8 h1:LoYXNGAShUG3m/ehNk4iFctuhGX/+R1ZpfJ4/ia80JM=
golang.org/x/exp v0.0.0-20240604190554-fc45aab8b7f8/go.mod h1:jj3sYF3dwk5D+ghuXyeI3r5MFf+NT2An6/9dOA95KSI=
